<?xml version="1.0" encoding="utf-8"?>
<Project ToolsVersion="4.0" xmlns="http://schemas.microsoft.com/developer/msbuild/2003">
  <ItemGroup>
    <Filter Include="Source Files">
      <UniqueIdentifier>{4FC737F1-C7A5-4376-A066-2A32D752A2FF}</UniqueIdentifier>
      <Extensions>cpp;c;cc;cxx;c++;cppm;ixx;def;odl;idl;hpj;bat;asm;asmx</Extensions>
    </Filter>
    <Filter Include="Header Files">
      <UniqueIdentifier>{93995380-89BD-4b04-88EB-625FBE52EBFB}</UniqueIdentifier>
      <Extensions>h;hh;hpp;hxx;h++;hm;inl;inc;ipp;xsd</Extensions>
    </Filter>
    <Filter Include="Resource Files">
      <UniqueIdentifier>{67DA6AB6-F800-4c08-8B7A-83BB121AAD01}</UniqueIdentifier>
      <Extensions>rc;ico;cur;bmp;dlg;rc2;rct;bin;rgs;gif;jpg;jpeg;jpe;resx;tiff;tif;png;wav;mfcribbon-ms</Extensions>
    </Filter>
    <Filter Include="Header Files\fx">
      <UniqueIdentifier>{4343fa45-65e6-4ad2-9f93-b182846c716e}</UniqueIdentifier>
    </Filter>
    <Filter Include="Source Files\fx">
      <UniqueIdentifier>{05e55010-d5b8-4179-bdbc-d93dcdf61e32}</UniqueIdentifier>
    </Filter>
  </ItemGroup>
  <ItemGroup>
    <ClCompile Include="src\compressor.cpp">
      <Filter>Source Files</Filter>
    </ClCompile>
    <ClCompile Include="src\envelope.cpp">
      <Filter>Source Files</Filter>
    </ClCompile>
    <ClCompile Include="src\fft.cpp">
      <Filter>Source Files</Filter>
    </ClCompile>
    <ClCompile Include="src\note.cpp">
      <Filter>Source Files</Filter>
    </ClCompile>
    <ClCompile Include="src\oscillator.cpp">
      <Filter>Source Files</Filter>
    </ClCompile>
    <ClCompile Include="src\resonant_filter.cpp">
      <Filter>Source Files</Filter>
    </ClCompile>
    <ClCompile Include="src\instrument_base.cpp">
      <Filter>Source Files</Filter>
    </ClCompile>
    <ClCompile Include="src\fx\mono_delay.cpp">
      <Filter>Source Files\fx</Filter>
    </ClCompile>
    <ClCompile Include="src\fx\fx_unit.cpp">
      <Filter>Source Files\fx</Filter>
    </ClCompile>
    <ClCompile Include="src\limiter.cpp">
      <Filter>Source Files</Filter>
    </ClCompile>
    <ClCompile Include="src\scale.cpp">
      <Filter>Source Files</Filter>
    </ClCompile>
  </ItemGroup>
  <ItemGroup>
    <ClInclude Include="include\compressor.h">
      <Filter>Header Files</Filter>
    </ClInclude>
    <ClInclude Include="include\envelope.h">
      <Filter>Header Files</Filter>
    </ClInclude>
    <ClInclude Include="include\fft.h">
      <Filter>Header Files</Filter>
    </ClInclude>
    <ClInclude Include="include\gain.h">
      <Filter>Header Files</Filter>
    </ClInclude>
    <ClInclude Include="include\note.h">
      <Filter>Header Files</Filter>
    </ClInclude>
    <ClInclude Include="include\oscillator.h">
      <Filter>Header Files</Filter>
    </ClInclude>
    <ClInclude Include="include\resonant_filter.h">
      <Filter>Header Files</Filter>
    </ClInclude>
    <ClInclude Include="include\scale.h">
      <Filter>Header Files</Filter>
    </ClInclude>
    <ClInclude Include="include\wavegen.h">
      <Filter>Header Files</Filter>
    </ClInclude>
    <ClInclude Include="include\dsp.h">
      <Filter>Header Files</Filter>
    </ClInclude>
    <ClInclude Include="include\instrument_base.h">
      <Filter>Header Files</Filter>
    </ClInclude>
    <ClInclude Include="include\fx\mono_delay.h">
      <Filter>Header Files\fx</Filter>
    </ClInclude>
    <ClInclude Include="include\fx\fx_unit.h">
      <Filter>Header Files\fx</Filter>
    </ClInclude>
    <ClInclude Include="include\util.h">
      <Filter>Header Files</Filter>
    </ClInclude>
    <ClInclude Include="include\limiter.h">
      <Filter>Header Files</Filter>
    </ClInclude>
    <ClInclude Include="include\ramp.h">
      <Filter>Header Files</Filter>
    </ClInclude>
  </ItemGroup>
</Project>